// !$*UTF8*$!
{
	archiveVersion = 1;
	classes = {
	};
	objectVersion = 50;
	objects = {

/* Begin PBXBuildFile section */
		1223EB9024ED89C3008E1CF3 /* AppDelegate.swift in Sources */ = {isa = PBXBuildFile; fileRef = 1223EB8F24ED89C3008E1CF3 /* AppDelegate.swift */; };
		1223EB9224ED89C3008E1CF3 /* SceneDelegate.swift in Sources */ = {isa = PBXBuildFile; fileRef = 1223EB9124ED89C3008E1CF3 /* SceneDelegate.swift */; };
		1223EB9724ED89C3008E1CF3 /* Main.storyboard in Resources */ = {isa = PBXBuildFile; fileRef = 1223EB9524ED89C3008E1CF3 /* Main.storyboard */; };
		1223EB9924ED89C6008E1CF3 /* Assets.xcassets in Resources */ = {isa = PBXBuildFile; fileRef = 1223EB9824ED89C6008E1CF3 /* Assets.xcassets */; };
		1223EB9C24ED89C6008E1CF3 /* LaunchScreen.storyboard in Resources */ = {isa = PBXBuildFile; fileRef = 1223EB9A24ED89C6008E1CF3 /* LaunchScreen.storyboard */; };
/* End PBXBuildFile section */

/* Begin PBXFileReference section */
		1223EB8C24ED89C3008E1CF3 /* AnywhereFitness.app */ = {isa = PBXFileReference; explicitFileType = wrapper.application; includeInIndex = 0; path = AnywhereFitness.app; sourceTree = BUILT_PRODUCTS_DIR; };
		1223EB8F24ED89C3008E1CF3 /* AppDelegate.swift */ = {isa = PBXFileReference; lastKnownFileType = sourcecode.swift; path = AppDelegate.swift; sourceTree = "<group>"; };
		1223EB9124ED89C3008E1CF3 /* SceneDelegate.swift */ = {isa = PBXFileReference; lastKnownFileType = sourcecode.swift; path = SceneDelegate.swift; sourceTree = "<group>"; };
		1223EB9624ED89C3008E1CF3 /* Base */ = {isa = PBXFileReference; lastKnownFileType = file.storyboard; name = Base; path = Base.lproj/Main.storyboard; sourceTree = "<group>"; };
		1223EB9824ED89C6008E1CF3 /* Assets.xcassets */ = {isa = PBXFileReference; lastKnownFileType = folder.assetcatalog; path = Assets.xcassets; sourceTree = "<group>"; };
		1223EB9B24ED89C6008E1CF3 /* Base */ = {isa = PBXFileReference; lastKnownFileType = file.storyboard; name = Base; path = Base.lproj/LaunchScreen.storyboard; sourceTree = "<group>"; };
		1223EB9D24ED89C6008E1CF3 /* Info.plist */ = {isa = PBXFileReference; lastKnownFileType = text.plist.xml; path = Info.plist; sourceTree = "<group>"; };
/* End PBXFileReference section */

/* Begin PBXFrameworksBuildPhase section */
		1223EB8924ED89C3008E1CF3 /* Frameworks */ = {
			isa = PBXFrameworksBuildPhase;
			buildActionMask = 2147483647;
			files = (
			);
			runOnlyForDeploymentPostprocessing = 0;
		};
/* End PBXFrameworksBuildPhase section */

/* Begin PBXGroup section */
		1223EB8324ED89C3008E1CF3 = {
			isa = PBXGroup;
			children = (
				1223EB8E24ED89C3008E1CF3 /* AnywhereFitness */,
				1223EB8D24ED89C3008E1CF3 /* Products */,
			);
			sourceTree = "<group>";
		};
		1223EB8D24ED89C3008E1CF3 /* Products */ = {
			isa = PBXGroup;
			children = (
				1223EB8C24ED89C3008E1CF3 /* AnywhereFitness.app */,
			);
			name = Products;
			sourceTree = "<group>";
		};
		1223EB8E24ED89C3008E1CF3 /* AnywhereFitness */ = {
			isa = PBXGroup;
			children = (
				1223EBA624ED8A31008E1CF3 /* Models */,
				1223EBA724ED8A41008E1CF3 /* Views */,
				1223EBA424ED8A25008E1CF3 /* Controllers */,
				1223EBA324ED89D9008E1CF3 /* Resources */,
			);
			path = AnywhereFitness;
			sourceTree = "<group>";
		};
		1223EBA324ED89D9008E1CF3 /* Resources */ = {
			isa = PBXGroup;
			children = (
				1223EB8F24ED89C3008E1CF3 /* AppDelegate.swift */,
				1223EB9124ED89C3008E1CF3 /* SceneDelegate.swift */,
				1223EB9824ED89C6008E1CF3 /* Assets.xcassets */,
				1223EB9D24ED89C6008E1CF3 /* Info.plist */,
			);
			path = Resources;
			sourceTree = "<group>";
		};
		1223EBA424ED8A25008E1CF3 /* Controllers */ = {
			isa = PBXGroup;
			children = (
				1223EBA924ED8A6C008E1CF3 /* ViewControllers */,
				1223EBA824ED8A65008E1CF3 /* ModelControllers */,
			);
			path = Controllers;
			sourceTree = "<group>";
		};
		1223EBA624ED8A31008E1CF3 /* Models */ = {
			isa = PBXGroup;
			children = (
			);
			path = Models;
			sourceTree = "<group>";
		};
		1223EBA724ED8A41008E1CF3 /* Views */ = {
			isa = PBXGroup;
			children = (
				1223EBAA24ED8AAA008E1CF3 /* Storyboards */,
			);
			path = Views;
			sourceTree = "<group>";
		};
		1223EBA824ED8A65008E1CF3 /* ModelControllers */ = {
			isa = PBXGroup;
			children = (
			);
			path = ModelControllers;
			sourceTree = "<group>";
		};
		1223EBA924ED8A6C008E1CF3 /* ViewControllers */ = {
			isa = PBXGroup;
			children = (
			);
			path = ViewControllers;
			sourceTree = "<group>";
		};
		1223EBAA24ED8AAA008E1CF3 /* Storyboards */ = {
			isa = PBXGroup;
			children = (
				1223EBAC24ED8ACC008E1CF3 /* Launch */,
				1223EBAB24ED8ABD008E1CF3 /* Opening */,
			);
			path = Storyboards;
			sourceTree = "<group>";
		};
		1223EBAB24ED8ABD008E1CF3 /* Opening */ = {
			isa = PBXGroup;
			children = (
				1223EB9524ED89C3008E1CF3 /* Main.storyboard */,
			);
			path = Opening;
			sourceTree = "<group>";
		};
		1223EBAC24ED8ACC008E1CF3 /* Launch */ = {
			isa = PBXGroup;
			children = (
				1223EB9A24ED89C6008E1CF3 /* LaunchScreen.storyboard */,
			);
			path = Launch;
			sourceTree = "<group>";
		};
/* End PBXGroup section */

/* Begin PBXNativeTarget section */
		1223EB8B24ED89C3008E1CF3 /* AnywhereFitness */ = {
			isa = PBXNativeTarget;
			buildConfigurationList = 1223EBA024ED89C6008E1CF3 /* Build configuration list for PBXNativeTarget "AnywhereFitness" */;
			buildPhases = (
				1223EB8824ED89C3008E1CF3 /* Sources */,
				1223EB8924ED89C3008E1CF3 /* Frameworks */,
				1223EB8A24ED89C3008E1CF3 /* Resources */,
			);
			buildRules = (
			);
			dependencies = (
			);
			name = AnywhereFitness;
			productName = AnywhereFitness;
			productReference = 1223EB8C24ED89C3008E1CF3 /* AnywhereFitness.app */;
			productType = "com.apple.product-type.application";
		};
/* End PBXNativeTarget section */

/* Begin PBXProject section */
		1223EB8424ED89C3008E1CF3 /* Project object */ = {
			isa = PBXProject;
			attributes = {
				LastSwiftUpdateCheck = 1160;
				LastUpgradeCheck = 1160;
				ORGANIZATIONNAME = LambdaSchool;
				TargetAttributes = {
					1223EB8B24ED89C3008E1CF3 = {
						CreatedOnToolsVersion = 11.6;
					};
				};
			};
			buildConfigurationList = 1223EB8724ED89C3008E1CF3 /* Build configuration list for PBXProject "AnywhereFitness" */;
			compatibilityVersion = "Xcode 9.3";
			developmentRegion = en;
			hasScannedForEncodings = 0;
			knownRegions = (
				en,
				Base,
			);
			mainGroup = 1223EB8324ED89C3008E1CF3;
			productRefGroup = 1223EB8D24ED89C3008E1CF3 /* Products */;
			projectDirPath = "";
			projectRoot = "";
			targets = (
				1223EB8B24ED89C3008E1CF3 /* AnywhereFitness */,
			);
		};
/* End PBXProject section */

/* Begin PBXResourcesBuildPhase section */
		1223EB8A24ED89C3008E1CF3 /* Resources */ = {
			isa = PBXResourcesBuildPhase;
			buildActionMask = 2147483647;
			files = (
				1223EB9C24ED89C6008E1CF3 /* LaunchScreen.storyboard in Resources */,
				1223EB9924ED89C6008E1CF3 /* Assets.xcassets in Resources */,
				1223EB9724ED89C3008E1CF3 /* Main.storyboard in Resources */,
			);
			runOnlyForDeploymentPostprocessing = 0;
		};
/* End PBXResourcesBuildPhase section */

/* Begin PBXSourcesBuildPhase section */
		1223EB8824ED89C3008E1CF3 /* Sources */ = {
			isa = PBXSourcesBuildPhase;
			buildActionMask = 2147483647;
			files = (
				1223EB9024ED89C3008E1CF3 /* AppDelegate.swift in Sources */,
				1223EB9224ED89C3008E1CF3 /* SceneDelegate.swift in Sources */,
			);
			runOnlyForDeploymentPostprocessing = 0;
		};
/* End PBXSourcesBuildPhase section */

/* Begin PBXVariantGroup section */
		1223EB9524ED89C3008E1CF3 /* Main.storyboard */ = {
			isa = PBXVariantGroup;
			children = (
				1223EB9624ED89C3008E1CF3 /* Base */,
			);
			name = Main.storyboard;
			sourceTree = "<group>";
		};
		1223EB9A24ED89C6008E1CF3 /* LaunchScreen.storyboard */ = {
			isa = PBXVariantGroup;
			children = (
				1223EB9B24ED89C6008E1CF3 /* Base */,
			);
			name = LaunchScreen.storyboard;
			sourceTree = "<group>";
		};
/* End PBXVariantGroup section */

/* Begin XCBuildConfiguration section */
		1223EB9E24ED89C6008E1CF3 /* Debug */ = {
			isa = XCBuildConfiguration;
			buildSettings = {
				ALWAYS_SEARCH_USER_PATHS = NO;
				CLANG_ANALYZER_NONNULL = YES;
				CLANG_ANALYZER_NUMBER_OBJECT_CONVERSION = YES_AGGRESSIVE;
				CLANG_CXX_LANGUAGE_STANDARD = "gnu++14";
				CLANG_CXX_LIBRARY = "libc++";
				CLANG_ENABLE_MODULES = YES;
				CLANG_ENABLE_OBJC_ARC = YES;
				CLANG_ENABLE_OBJC_WEAK = YES;
				CLANG_WARN_BLOCK_CAPTURE_AUTORELEASING = YES;
				CLANG_WARN_BOOL_CONVERSION = YES;
				CLANG_WARN_COMMA = YES;
				CLANG_WARN_CONSTANT_CONVERSION = YES;
				CLANG_WARN_DEPRECATED_OBJC_IMPLEMENTATIONS = YES;
				CLANG_WARN_DIRECT_OBJC_ISA_USAGE = YES_ERROR;
				CLANG_WARN_DOCUMENTATION_COMMENTS = YES;
				CLANG_WARN_EMPTY_BODY = YES;
				CLANG_WARN_ENUM_CONVERSION = YES;
				CLANG_WARN_INFINITE_RECURSION = YES;
				CLANG_WARN_INT_CONVERSION = YES;
				CLANG_WARN_NON_LITERAL_NULL_CONVERSION = YES;
				CLANG_WARN_OBJC_IMPLICIT_RETAIN_SELF = YES;
				CLANG_WARN_OBJC_LITERAL_CONVERSION = YES;
				CLANG_WARN_OBJC_ROOT_CLASS = YES_ERROR;
				CLANG_WARN_RANGE_LOOP_ANALYSIS = YES;
				CLANG_WARN_STRICT_PROTOTYPES = YES;
				CLANG_WARN_SUSPICIOUS_MOVE = YES;
				CLANG_WARN_UNGUARDED_AVAILABILITY = YES_AGGRESSIVE;
				CLANG_WARN_UNREACHABLE_CODE = YES;
				CLANG_WARN__DUPLICATE_METHOD_MATCH = YES;
				COPY_PHASE_STRIP = NO;
				DEBUG_INFORMATION_FORMAT = dwarf;
				ENABLE_STRICT_OBJC_MSGSEND = YES;
				ENABLE_TESTABILITY = YES;
				GCC_C_LANGUAGE_STANDARD = gnu11;
				GCC_DYNAMIC_NO_PIC = NO;
				GCC_NO_COMMON_BLOCKS = YES;
				GCC_OPTIMIZATION_LEVEL = 0;
				GCC_PREPROCESSOR_DEFINITIONS = (
					"DEBUG=1",
					"$(inherited)",
				);
				GCC_WARN_64_TO_32_BIT_CONVERSION = YES;
				GCC_WARN_ABOUT_RETURN_TYPE = YES_ERROR;
				GCC_WARN_UNDECLARED_SELECTOR = YES;
				GCC_WARN_UNINITIALIZED_AUTOS = YES_AGGRESSIVE;
				GCC_WARN_UNUSED_FUNCTION = YES;
				GCC_WARN_UNUSED_VARIABLE = YES;
				IPHONEOS_DEPLOYMENT_TARGET = 13.6;
				MTL_ENABLE_DEBUG_INFO = INCLUDE_SOURCE;
				MTL_FAST_MATH = YES;
				ONLY_ACTIVE_ARCH = YES;
				SDKROOT = iphoneos;
				SWIFT_ACTIVE_COMPILATION_CONDITIONS = DEBUG;
				SWIFT_OPTIMIZATION_LEVEL = "-Onone";
			};
			name = Debug;
		};
		1223EB9F24ED89C6008E1CF3 /* Release */ = {
			isa = XCBuildConfiguration;
			buildSettings = {
				ALWAYS_SEARCH_USER_PATHS = NO;
				CLANG_ANALYZER_NONNULL = YES;
				CLANG_ANALYZER_NUMBER_OBJECT_CONVERSION = YES_AGGRESSIVE;
				CLANG_CXX_LANGUAGE_STANDARD = "gnu++14";
				CLANG_CXX_LIBRARY = "libc++";
				CLANG_ENABLE_MODULES = YES;
				CLANG_ENABLE_OBJC_ARC = YES;
				CLANG_ENABLE_OBJC_WEAK = YES;
				CLANG_WARN_BLOCK_CAPTURE_AUTORELEASING = YES;
				CLANG_WARN_BOOL_CONVERSION = YES;
				CLANG_WARN_COMMA = YES;
				CLANG_WARN_CONSTANT_CONVERSION = YES;
				CLANG_WARN_DEPRECATED_OBJC_IMPLEMENTATIONS = YES;
				CLANG_WARN_DIRECT_OBJC_ISA_USAGE = YES_ERROR;
				CLANG_WARN_DOCUMENTATION_COMMENTS = YES;
				CLANG_WARN_EMPTY_BODY = YES;
				CLANG_WARN_ENUM_CONVERSION = YES;
				CLANG_WARN_INFINITE_RECURSION = YES;
				CLANG_WARN_INT_CONVERSION = YES;
				CLANG_WARN_NON_LITERAL_NULL_CONVERSION = YES;
				CLANG_WARN_OBJC_IMPLICIT_RETAIN_SELF = YES;
				CLANG_WARN_OBJC_LITERAL_CONVERSION = YES;
				CLANG_WARN_OBJC_ROOT_CLASS = YES_ERROR;
				CLANG_WARN_RANGE_LOOP_ANALYSIS = YES;
				CLANG_WARN_STRICT_PROTOTYPES = YES;
				CLANG_WARN_SUSPICIOUS_MOVE = YES;
				CLANG_WARN_UNGUARDED_AVAILABILITY = YES_AGGRESSIVE;
				CLANG_WARN_UNREACHABLE_CODE = YES;
				CLANG_WARN__DUPLICATE_METHOD_MATCH = YES;
				COPY_PHASE_STRIP = NO;
				DEBUG_INFORMATION_FORMAT = "dwarf-with-dsym";
				ENABLE_NS_ASSERTIONS = NO;
				ENABLE_STRICT_OBJC_MSGSEND = YES;
				GCC_C_LANGUAGE_STANDARD = gnu11;
				GCC_NO_COMMON_BLOCKS = YES;
				GCC_WARN_64_TO_32_BIT_CONVERSION = YES;
				GCC_WARN_ABOUT_RETURN_TYPE = YES_ERROR;
				GCC_WARN_UNDECLARED_SELECTOR = YES;
				GCC_WARN_UNINITIALIZED_AUTOS = YES_AGGRESSIVE;
				GCC_WARN_UNUSED_FUNCTION = YES;
				GCC_WARN_UNUSED_VARIABLE = YES;
				IPHONEOS_DEPLOYMENT_TARGET = 13.6;
				MTL_ENABLE_DEBUG_INFO = NO;
				MTL_FAST_MATH = YES;
				SDKROOT = iphoneos;
				SWIFT_COMPILATION_MODE = wholemodule;
				SWIFT_OPTIMIZATION_LEVEL = "-O";
				VALIDATE_PRODUCT = YES;
			};
			name = Release;
		};
		1223EBA124ED89C6008E1CF3 /* Debug */ = {
			isa = XCBuildConfiguration;
			buildSettings = {
				ASSETCATALOG_COMPILER_APPICON_NAME = AppIcon;
				CODE_SIGN_STYLE = Automatic;
				DEVELOPMENT_TEAM = 6R6MQNLHPL;
				INFOPLIST_FILE = /Users/lambda_school_loaner_226/Desktop/Lambda/iOSPT6/BuildWeek/Unit3/ios/AnywhereFitness/AnywhereFitness/Resources/Info.plist;
				LD_RUNPATH_SEARCH_PATHS = (
					"$(inherited)",
					"@executable_path/Frameworks",
				);
				PRODUCT_BUNDLE_IDENTIFIER = com.LambdaSchool.AnywhereFitness;
				PRODUCT_NAME = "$(TARGET_NAME)";
				SWIFT_VERSION = 5.0;
				TARGETED_DEVICE_FAMILY = "1,2";
			};
			name = Debug;
		};
		1223EBA224ED89C6008E1CF3 /* Release */ = {
			isa = XCBuildConfiguration;
			buildSettings = {
				ASSETCATALOG_COMPILER_APPICON_NAME = AppIcon;
				CODE_SIGN_STYLE = Automatic;
				DEVELOPMENT_TEAM = 6R6MQNLHPL;
				INFOPLIST_FILE = /Users/lambda_school_loaner_226/Desktop/Lambda/iOSPT6/BuildWeek/Unit3/ios/AnywhereFitness/AnywhereFitness/Resources/Info.plist;
				LD_RUNPATH_SEARCH_PATHS = (
					"$(inherited)",
					"@executable_path/Frameworks",
				);
				PRODUCT_BUNDLE_IDENTIFIER = com.LambdaSchool.AnywhereFitness;
				PRODUCT_NAME = "$(TARGET_NAME)";
				SWIFT_VERSION = 5.0;
				TARGETED_DEVICE_FAMILY = "1,2";
			};
			name = Release;
		};
/* End XCBuildConfiguration section */

/* Begin XCConfigurationList section */
		1223EB8724ED89C3008E1CF3 /* Build configuration list for PBXProject "AnywhereFitness" */ = {
			isa = XCConfigurationList;
			buildConfigurations = (
				1223EB9E24ED89C6008E1CF3 /* Debug */,
				1223EB9F24ED89C6008E1CF3 /* Release */,
			);
			defaultConfigurationIsVisible = 0;
			defaultConfigurationName = Release;
		};
		1223EBA024ED89C6008E1CF3 /* Build configuration list for PBXNativeTarget "AnywhereFitness" */ = {
			isa = XCConfigurationList;
			buildConfigurations = (
				1223EBA124ED89C6008E1CF3 /* Debug */,
				1223EBA224ED89C6008E1CF3 /* Release */,
			);
			defaultConfigurationIsVisible = 0;
			defaultConfigurationName = Release;
		};
/* End XCConfigurationList section */
	};
	rootObject = 1223EB8424ED89C3008E1CF3 /* Project object */;
}
